// !$*UTF8*$!
{
	archiveVersion = 1;
	classes = {
	};
	objectVersion = 46;
	objects = {

/* Begin PBXBuildFile section */
		BAC23F1018C8310F00CA9807 /* BuildSettings-Debug-iOS.xcconfig in Resources */ = {isa = PBXBuildFile; fileRef = BAC23EE418C8310F00CA9807 /* BuildSettings-Debug-iOS.xcconfig */; };
		BAC23F1118C8310F00CA9807 /* BuildSettings-Debug-Mac.xcconfig in Resources */ = {isa = PBXBuildFile; fileRef = BAC23EE518C8310F00CA9807 /* BuildSettings-Debug-Mac.xcconfig */; };
		BAC23F1218C8310F00CA9807 /* BuildSettings-iOS.xcconfig in Resources */ = {isa = PBXBuildFile; fileRef = BAC23EE618C8310F00CA9807 /* BuildSettings-iOS.xcconfig */; };
		BAC23F1318C8310F00CA9807 /* BuildSettings-Mac.xcconfig in Resources */ = {isa = PBXBuildFile; fileRef = BAC23EE718C8310F00CA9807 /* BuildSettings-Mac.xcconfig */; };
		BAC23F1418C8310F00CA9807 /* BuildSettings-Release-iOS.xcconfig in Resources */ = {isa = PBXBuildFile; fileRef = BAC23EE818C8310F00CA9807 /* BuildSettings-Release-iOS.xcconfig */; };
		BAC23F1518C8310F00CA9807 /* BuildSettings-Release-Mac.xcconfig in Resources */ = {isa = PBXBuildFile; fileRef = BAC23EE918C8310F00CA9807 /* BuildSettings-Release-Mac.xcconfig */; };
		BAC23F1618C8310F00CA9807 /* explo2.wav in Resources */ = {isa = PBXBuildFile; fileRef = BAC23EEA18C8310F00CA9807 /* explo2.wav */; };
		BAC23F1718C8310F00CA9807 /* AppDelegate.m in Sources */ = {isa = PBXBuildFile; fileRef = BAC23EED18C8310F00CA9807 /* AppDelegate.m */; };
		BAC23F1818C8310F00CA9807 /* GameLayer.m in Sources */ = {isa = PBXBuildFile; fileRef = BAC23EEF18C8310F00CA9807 /* GameLayer.m */; };
		BAC23F1918C8310F00CA9807 /* main.m in Sources */ = {isa = PBXBuildFile; fileRef = BAC23EF018C8310F00CA9807 /* main.m */; };
		BAC23F1A18C8310F00CA9807 /* config.lua in Resources */ = {isa = PBXBuildFile; fileRef = BAC23EF418C8310F00CA9807 /* config.lua */; };
		BAC23F1B18C8310F00CA9807 /* Default-568h@2x.png in Resources */ = {isa = PBXBuildFile; fileRef = BAC23EF718C8310F00CA9807 /* Default-568h@2x.png */; };
		BAC23F1C18C8310F00CA9807 /* Default.png in Resources */ = {isa = PBXBuildFile; fileRef = BAC23EF818C8310F00CA9807 /* Default.png */; };
		BAC23F1D18C8310F00CA9807 /* fps_images-hd.png in Resources */ = {isa = PBXBuildFile; fileRef = BAC23EF918C8310F00CA9807 /* fps_images-hd.png */; };
		BAC23F1E18C8310F00CA9807 /* fps_images-ipadhd.png in Resources */ = {isa = PBXBuildFile; fileRef = BAC23EFA18C8310F00CA9807 /* fps_images-ipadhd.png */; };
		BAC23F1F18C8310F00CA9807 /* fps_images.png in Resources */ = {isa = PBXBuildFile; fileRef = BAC23EFB18C8310F00CA9807 /* fps_images.png */; };
		BAC23F2018C8310F00CA9807 /* Icon-72.png in Resources */ = {isa = PBXBuildFile; fileRef = BAC23EFC18C8310F00CA9807 /* Icon-72.png */; };
		BAC23F2118C8310F00CA9807 /* Icon-Small-50.png in Resources */ = {isa = PBXBuildFile; fileRef = BAC23EFD18C8310F00CA9807 /* Icon-Small-50.png */; };
		BAC23F2218C8310F00CA9807 /* Icon-Small.png in Resources */ = {isa = PBXBuildFile; fileRef = BAC23EFE18C8310F00CA9807 /* Icon-Small.png */; };
		BAC23F2318C8310F00CA9807 /* Icon-Small@2x.png in Resources */ = {isa = PBXBuildFile; fileRef = BAC23EFF18C8310F00CA9807 /* Icon-Small@2x.png */; };
		BAC23F2418C8310F00CA9807 /* Icon.png in Resources */ = {isa = PBXBuildFile; fileRef = BAC23F0018C8310F00CA9807 /* Icon.png */; };
		BAC23F2518C8310F00CA9807 /* Icon@2x.png in Resources */ = {isa = PBXBuildFile; fileRef = BAC23F0118C8310F00CA9807 /* Icon@2x.png */; };
		BAC23F2618C8310F00CA9807 /* Info.plist in Resources */ = {isa = PBXBuildFile; fileRef = BAC23F0218C8310F00CA9807 /* Info.plist */; };
		BAC23F2718C8310F00CA9807 /* iTunesArtwork in Resources */ = {isa = PBXBuildFile; fileRef = BAC23F0318C8310F00CA9807 /* iTunesArtwork */; };
		BAC23F2818C8310F00CA9807 /* InfoPlist.strings in Resources */ = {isa = PBXBuildFile; fileRef = BAC23F0618C8310F00CA9807 /* InfoPlist.strings */; };
		BAC23F2918C8310F00CA9807 /* MainMenu.xib in Resources */ = {isa = PBXBuildFile; fileRef = BAC23F0818C8310F00CA9807 /* MainMenu.xib */; };
		BAC23F2A18C8310F00CA9807 /* fps_images.png in Resources */ = {isa = PBXBuildFile; fileRef = BAC23F0A18C8310F00CA9807 /* fps_images.png */; };
		BAC23F2B18C8310F00CA9807 /* icon.icns in Resources */ = {isa = PBXBuildFile; fileRef = BAC23F0B18C8310F00CA9807 /* icon.icns */; };
		BAC23F2C18C8310F00CA9807 /* Info.plist in Resources */ = {isa = PBXBuildFile; fileRef = BAC23F0C18C8310F00CA9807 /* Info.plist */; };
		BAC23F2D18C8310F00CA9807 /* README.md in Resources */ = {isa = PBXBuildFile; fileRef = BAC23F0D18C8310F00CA9807 /* README.md */; };
		BAC23F2E18C8310F00CA9807 /* waitingpenguin-hd.png in Resources */ = {isa = PBXBuildFile; fileRef = BAC23F0E18C8310F00CA9807 /* waitingpenguin-hd.png */; };
		BAC23F2F18C8310F00CA9807 /* waitingpenguin.png in Resources */ = {isa = PBXBuildFile; fileRef = BAC23F0F18C8310F00CA9807 /* waitingpenguin.png */; };
		DC485B1113AA0E5600F2BC70 /* libchipmunk-mac.a in Frameworks */ = {isa = PBXBuildFile; fileRef = DC485B0D13AA0E5600F2BC70 /* libchipmunk-mac.a */; };
		DC485B1713AA0EBB00F2BC70 /* libbox2d-mac.a in Frameworks */ = {isa = PBXBuildFile; fileRef = DC485B1613AA0EBB00F2BC70 /* libbox2d-mac.a */; };
		DC485B4613AA18A600F2BC70 /* libcocosdenshion-mac.a in Frameworks */ = {isa = PBXBuildFile; fileRef = DC485B4513AA18A600F2BC70 /* libcocosdenshion-mac.a */; };
		DC65615C13A969B600A7AC53 /* libbox2d-ios.a in Frameworks */ = {isa = PBXBuildFile; fileRef = DC65615013A969B600A7AC53 /* libbox2d-ios.a */; };
		DC65615D13A969B600A7AC53 /* libchipmunk-ios.a in Frameworks */ = {isa = PBXBuildFile; fileRef = DC65615113A969B600A7AC53 /* libchipmunk-ios.a */; };
		DC65615E13A969B600A7AC53 /* libchipmunk-spacemanager-ios.a in Frameworks */ = {isa = PBXBuildFile; fileRef = DC65615213A969B600A7AC53 /* libchipmunk-spacemanager-ios.a */; };
		DC65616013A969B600A7AC53 /* libcocos2d-extensions-ios.a in Frameworks */ = {isa = PBXBuildFile; fileRef = DC65615413A969B600A7AC53 /* libcocos2d-extensions-ios.a */; };
		DC65616113A969B600A7AC53 /* libcocos2d-ios.a in Frameworks */ = {isa = PBXBuildFile; fileRef = DC65615513A969B600A7AC53 /* libcocos2d-ios.a */; };
		DC65616213A969B600A7AC53 /* libcocos3d-ios.a in Frameworks */ = {isa = PBXBuildFile; fileRef = DC65615613A969B600A7AC53 /* libcocos3d-ios.a */; };
		DC65616313A969B600A7AC53 /* libcocosdenshion-ios.a in Frameworks */ = {isa = PBXBuildFile; fileRef = DC65615713A969B600A7AC53 /* libcocosdenshion-ios.a */; };
		DC65616413A969B600A7AC53 /* libkobold2d-ios.a in Frameworks */ = {isa = PBXBuildFile; fileRef = DC65615813A969B600A7AC53 /* libkobold2d-ios.a */; };
		DC65616513A969B600A7AC53 /* libobjectal-ios.a in Frameworks */ = {isa = PBXBuildFile; fileRef = DC65615913A969B600A7AC53 /* libobjectal-ios.a */; };
		DC65616613A969B600A7AC53 /* libsneakyinput-ios.a in Frameworks */ = {isa = PBXBuildFile; fileRef = DC65615A13A969B600A7AC53 /* libsneakyinput-ios.a */; };
		DC979E3E13B35F8800656CB9 /* libcocos2d-extensions-mac.a in Frameworks */ = {isa = PBXBuildFile; fileRef = DC979E3D13B35F8800656CB9 /* libcocos2d-extensions-mac.a */; };
		DC979E5A13B3607E00656CB9 /* libchipmunk-spacemanager-mac.a in Frameworks */ = {isa = PBXBuildFile; fileRef = DC979E5913B3607E00656CB9 /* libchipmunk-spacemanager-mac.a */; };
		DCF95CD213A97EC500AE3B80 /* libcocos2d-mac.a in Frameworks */ = {isa = PBXBuildFile; fileRef = DCF95CC913A97EC500AE3B80 /* libcocos2d-mac.a */; };
		DCF95CD413A97EC500AE3B80 /* libkobold2d-mac.a in Frameworks */ = {isa = PBXBuildFile; fileRef = DCF95CCB13A97EC500AE3B80 /* libkobold2d-mac.a */; };
/* End PBXBuildFile section */

/* Begin PBXFileReference section */
		BAC23EE418C8310F00CA9807 /* BuildSettings-Debug-iOS.xcconfig */ = {isa = PBXFileReference; fileEncoding = 4; lastKnownFileType = text.xcconfig; path = "BuildSettings-Debug-iOS.xcconfig"; sourceTree = "<group>"; };
		BAC23EE518C8310F00CA9807 /* BuildSettings-Debug-Mac.xcconfig */ = {isa = PBXFileReference; fileEncoding = 4; lastKnownFileType = text.xcconfig; path = "BuildSettings-Debug-Mac.xcconfig"; sourceTree = "<group>"; };
		BAC23EE618C8310F00CA9807 /* BuildSettings-iOS.xcconfig */ = {isa = PBXFileReference; fileEncoding = 4; lastKnownFileType = text.xcconfig; path = "BuildSettings-iOS.xcconfig"; sourceTree = "<group>"; };
		BAC23EE718C8310F00CA9807 /* BuildSettings-Mac.xcconfig */ = {isa = PBXFileReference; fileEncoding = 4; lastKnownFileType = text.xcconfig; path = "BuildSettings-Mac.xcconfig"; sourceTree = "<group>"; };
		BAC23EE818C8310F00CA9807 /* BuildSettings-Release-iOS.xcconfig */ = {isa = PBXFileReference; fileEncoding = 4; lastKnownFileType = text.xcconfig; path = "BuildSettings-Release-iOS.xcconfig"; sourceTree = "<group>"; };
		BAC23EE918C8310F00CA9807 /* BuildSettings-Release-Mac.xcconfig */ = {isa = PBXFileReference; fileEncoding = 4; lastKnownFileType = text.xcconfig; path = "BuildSettings-Release-Mac.xcconfig"; sourceTree = "<group>"; };
		BAC23EEA18C8310F00CA9807 /* explo2.wav */ = {isa = PBXFileReference; lastKnownFileType = audio.wav; name = explo2.wav; path = ../../explo2.wav; sourceTree = "<group>"; };
		BAC23EEC18C8310F00CA9807 /* AppDelegate.h */ = {isa = PBXFileReference; fileEncoding = 4; lastKnownFileType = sourcecode.c.h; path = AppDelegate.h; sourceTree = "<group>"; };
		BAC23EED18C8310F00CA9807 /* AppDelegate.m */ = {isa = PBXFileReference; fileEncoding = 4; lastKnownFileType = sourcecode.c.objc; path = AppDelegate.m; sourceTree = "<group>"; };
		BAC23EEE18C8310F00CA9807 /* GameLayer.h */ = {isa = PBXFileReference; fileEncoding = 4; lastKnownFileType = sourcecode.c.h; path = GameLayer.h; sourceTree = "<group>"; };
		BAC23EEF18C8310F00CA9807 /* GameLayer.m */ = {isa = PBXFileReference; fileEncoding = 4; lastKnownFileType = sourcecode.c.objc; path = GameLayer.m; sourceTree = "<group>"; };
		BAC23EF018C8310F00CA9807 /* main.m */ = {isa = PBXFileReference; fileEncoding = 4; lastKnownFileType = sourcecode.c.objc; path = main.m; sourceTree = "<group>"; };
		BAC23EF118C8310F00CA9807 /* Prefix-iOS.pch */ = {isa = PBXFileReference; fileEncoding = 4; lastKnownFileType = sourcecode.c.h; path = "Prefix-iOS.pch"; sourceTree = "<group>"; };
		BAC23EF218C8310F00CA9807 /* Prefix-Mac.pch */ = {isa = PBXFileReference; fileEncoding = 4; lastKnownFileType = sourcecode.c.h; path = "Prefix-Mac.pch"; sourceTree = "<group>"; };
		BAC23EF418C8310F00CA9807 /* config.lua */ = {isa = PBXFileReference; fileEncoding = 4; lastKnownFileType = text; path = config.lua; sourceTree = "<group>"; };
		BAC23EF718C8310F00CA9807 /* Default-568h@2x.png */ = {isa = PBXFileReference; lastKnownFileType = image.png; path = "Default-568h@2x.png"; sourceTree = "<group>"; };
		BAC23EF818C8310F00CA9807 /* Default.png */ = {isa = PBXFileReference; lastKnownFileType = image.png; path = Default.png; sourceTree = "<group>"; };
		BAC23EF918C8310F00CA9807 /* fps_images-hd.png */ = {isa = PBXFileReference; lastKnownFileType = image.png; path = "fps_images-hd.png"; sourceTree = "<group>"; };
		BAC23EFA18C8310F00CA9807 /* fps_images-ipadhd.png */ = {isa = PBXFileReference; lastKnownFileType = image.png; path = "fps_images-ipadhd.png"; sourceTree = "<group>"; };
		BAC23EFB18C8310F00CA9807 /* fps_images.png */ = {isa = PBXFileReference; lastKnownFileType = image.png; path = fps_images.png; sourceTree = "<group>"; };
		BAC23EFC18C8310F00CA9807 /* Icon-72.png */ = {isa = PBXFileReference; lastKnownFileType = image.png; path = "Icon-72.png"; sourceTree = "<group>"; };
		BAC23EFD18C8310F00CA9807 /* Icon-Small-50.png */ = {isa = PBXFileReference; lastKnownFileType = image.png; path = "Icon-Small-50.png"; sourceTree = "<group>"; };
		BAC23EFE18C8310F00CA9807 /* Icon-Small.png */ = {isa = PBXFileReference; lastKnownFileType = image.png; path = "Icon-Small.png"; sourceTree = "<group>"; };
		BAC23EFF18C8310F00CA9807 /* Icon-Small@2x.png */ = {isa = PBXFileReference; lastKnownFileType = image.png; path = "Icon-Small@2x.png"; sourceTree = "<group>"; };
		BAC23F0018C8310F00CA9807 /* Icon.png */ = {isa = PBXFileReference; lastKnownFileType = image.png; path = Icon.png; sourceTree = "<group>"; };
		BAC23F0118C8310F00CA9807 /* Icon@2x.png */ = {isa = PBXFileReference; lastKnownFileType = image.png; path = "Icon@2x.png"; sourceTree = "<group>"; };
		BAC23F0218C8310F00CA9807 /* Info.plist */ = {isa = PBXFileReference; fileEncoding = 4; lastKnownFileType = text.plist.xml; path = Info.plist; sourceTree = "<group>"; };
		BAC23F0318C8310F00CA9807 /* iTunesArtwork */ = {isa = PBXFileReference; lastKnownFileType = file; path = iTunesArtwork; sourceTree = "<group>"; };
		BAC23F0718C8310F00CA9807 /* English */ = {isa = PBXFileReference; lastKnownFileType = text.plist.strings; name = English; path = English.lproj/InfoPlist.strings; sourceTree = "<group>"; };
		BAC23F0918C8310F00CA9807 /* English */ = {isa = PBXFileReference; lastKnownFileType = file.xib; name = English; path = English.lproj/MainMenu.xib; sourceTree = "<group>"; };
		BAC23F0A18C8310F00CA9807 /* fps_images.png */ = {isa = PBXFileReference; lastKnownFileType = image.png; path = fps_images.png; sourceTree = "<group>"; };
		BAC23F0B18C8310F00CA9807 /* icon.icns */ = {isa = PBXFileReference; lastKnownFileType = image.icns; path = icon.icns; sourceTree = "<group>"; };
		BAC23F0C18C8310F00CA9807 /* Info.plist */ = {isa = PBXFileReference; fileEncoding = 4; lastKnownFileType = text.plist.xml; path = Info.plist; sourceTree = "<group>"; };
		BAC23F0D18C8310F00CA9807 /* README.md */ = {isa = PBXFileReference; fileEncoding = 4; lastKnownFileType = text; path = README.md; sourceTree = "<group>"; };
		BAC23F0E18C8310F00CA9807 /* waitingpenguin-hd.png */ = {isa = PBXFileReference; lastKnownFileType = image.png; name = "waitingpenguin-hd.png"; path = "../../waitingpenguin-hd.png"; sourceTree = "<group>"; };
		BAC23F0F18C8310F00CA9807 /* waitingpenguin.png */ = {isa = PBXFileReference; lastKnownFileType = image.png; name = waitingpenguin.png; path = ../../waitingpenguin.png; sourceTree = "<group>"; };
		BAC23F3018C8314100CA9807 /* .app */ = {isa = PBXFileReference; explicitFileType = wrapper.application; includeInIndex = 0; name = .app; path = "/Users/jorriebrettin/Kobold2D/Kobold2D-2.1.0/What/build/Debug/.app"; sourceTree = "<absolute>"; };
		BAC23F3118C8314100CA9807 /* .app */ = {isa = PBXFileReference; explicitFileType = wrapper.application; includeInIndex = 0; name = .app; path = "/Users/jorriebrettin/Kobold2D/Kobold2D-2.1.0/What/build/Debug/.app"; sourceTree = "<absolute>"; };
		DC485B0D13AA0E5600F2BC70 /* libchipmunk-mac.a */ = {isa = PBXFileReference; explicitFileType = archive.ar; path = "libchipmunk-mac.a"; sourceTree = BUILT_PRODUCTS_DIR; };
		DC485B1613AA0EBB00F2BC70 /* libbox2d-mac.a */ = {isa = PBXFileReference; explicitFileType = archive.ar; path = "libbox2d-mac.a"; sourceTree = BUILT_PRODUCTS_DIR; };
		DC485B4513AA18A600F2BC70 /* libcocosdenshion-mac.a */ = {isa = PBXFileReference; explicitFileType = archive.ar; path = "libcocosdenshion-mac.a"; sourceTree = BUILT_PRODUCTS_DIR; };
		DC65615013A969B600A7AC53 /* libbox2d-ios.a */ = {isa = PBXFileReference; explicitFileType = archive.ar; path = "libbox2d-ios.a"; sourceTree = BUILT_PRODUCTS_DIR; };
		DC65615113A969B600A7AC53 /* libchipmunk-ios.a */ = {isa = PBXFileReference; explicitFileType = archive.ar; path = "libchipmunk-ios.a"; sourceTree = BUILT_PRODUCTS_DIR; };
		DC65615213A969B600A7AC53 /* libchipmunk-spacemanager-ios.a */ = {isa = PBXFileReference; explicitFileType = archive.ar; path = "libchipmunk-spacemanager-ios.a"; sourceTree = BUILT_PRODUCTS_DIR; };
		DC65615413A969B600A7AC53 /* libcocos2d-extensions-ios.a */ = {isa = PBXFileReference; explicitFileType = archive.ar; path = "libcocos2d-extensions-ios.a"; sourceTree = BUILT_PRODUCTS_DIR; };
		DC65615513A969B600A7AC53 /* libcocos2d-ios.a */ = {isa = PBXFileReference; explicitFileType = archive.ar; path = "libcocos2d-ios.a"; sourceTree = BUILT_PRODUCTS_DIR; };
		DC65615613A969B600A7AC53 /* libcocos3d-ios.a */ = {isa = PBXFileReference; explicitFileType = archive.ar; path = "libcocos3d-ios.a"; sourceTree = BUILT_PRODUCTS_DIR; };
		DC65615713A969B600A7AC53 /* libcocosdenshion-ios.a */ = {isa = PBXFileReference; explicitFileType = archive.ar; path = "libcocosdenshion-ios.a"; sourceTree = BUILT_PRODUCTS_DIR; };
		DC65615813A969B600A7AC53 /* libkobold2d-ios.a */ = {isa = PBXFileReference; explicitFileType = archive.ar; path = "libkobold2d-ios.a"; sourceTree = BUILT_PRODUCTS_DIR; };
		DC65615913A969B600A7AC53 /* libobjectal-ios.a */ = {isa = PBXFileReference; explicitFileType = archive.ar; path = "libobjectal-ios.a"; sourceTree = BUILT_PRODUCTS_DIR; };
		DC65615A13A969B600A7AC53 /* libsneakyinput-ios.a */ = {isa = PBXFileReference; explicitFileType = archive.ar; path = "libsneakyinput-ios.a"; sourceTree = BUILT_PRODUCTS_DIR; };
		DC979E3D13B35F8800656CB9 /* libcocos2d-extensions-mac.a */ = {isa = PBXFileReference; explicitFileType = archive.ar; path = "libcocos2d-extensions-mac.a"; sourceTree = BUILT_PRODUCTS_DIR; };
		DC979E5913B3607E00656CB9 /* libchipmunk-spacemanager-mac.a */ = {isa = PBXFileReference; explicitFileType = archive.ar; path = "libchipmunk-spacemanager-mac.a"; sourceTree = BUILT_PRODUCTS_DIR; };
		DCF95CC913A97EC500AE3B80 /* libcocos2d-mac.a */ = {isa = PBXFileReference; explicitFileType = archive.ar; path = "libcocos2d-mac.a"; sourceTree = BUILT_PRODUCTS_DIR; };
		DCF95CCB13A97EC500AE3B80 /* libkobold2d-mac.a */ = {isa = PBXFileReference; explicitFileType = archive.ar; path = "libkobold2d-mac.a"; sourceTree = BUILT_PRODUCTS_DIR; };
/* End PBXFileReference section */

/* Begin PBXFrameworksBuildPhase section */
		DCC1A0E013A94ED5005BD75D /* Frameworks */ = {
			isa = PBXFrameworksBuildPhase;
			buildActionMask = 2147483647;
			files = (
				DC65615C13A969B600A7AC53 /* libbox2d-ios.a in Frameworks */,
				DC65615D13A969B600A7AC53 /* libchipmunk-ios.a in Frameworks */,
				DC65615E13A969B600A7AC53 /* libchipmunk-spacemanager-ios.a in Frameworks */,
				DC65616013A969B600A7AC53 /* libcocos2d-extensions-ios.a in Frameworks */,
				DC65616113A969B600A7AC53 /* libcocos2d-ios.a in Frameworks */,
				DC65616213A969B600A7AC53 /* libcocos3d-ios.a in Frameworks */,
				DC65616313A969B600A7AC53 /* libcocosdenshion-ios.a in Frameworks */,
				DC65616413A969B600A7AC53 /* libkobold2d-ios.a in Frameworks */,
				DC65616513A969B600A7AC53 /* libobjectal-ios.a in Frameworks */,
				DC65616613A969B600A7AC53 /* libsneakyinput-ios.a in Frameworks */,
			);
			runOnlyForDeploymentPostprocessing = 0;
		};
		DCC1A25713A94EE6005BD75D /* Frameworks */ = {
			isa = PBXFrameworksBuildPhase;
			buildActionMask = 2147483647;
			files = (
				DC979E5A13B3607E00656CB9 /* libchipmunk-spacemanager-mac.a in Frameworks */,
				DC979E3E13B35F8800656CB9 /* libcocos2d-extensions-mac.a in Frameworks */,
				DC485B4613AA18A600F2BC70 /* libcocosdenshion-mac.a in Frameworks */,
				DC485B1713AA0EBB00F2BC70 /* libbox2d-mac.a in Frameworks */,
				DC485B1113AA0E5600F2BC70 /* libchipmunk-mac.a in Frameworks */,
				DCF95CD213A97EC500AE3B80 /* libcocos2d-mac.a in Frameworks */,
				DCF95CD413A97EC500AE3B80 /* libkobold2d-mac.a in Frameworks */,
			);
			runOnlyForDeploymentPostprocessing = 0;
		};
/* End PBXFrameworksBuildPhase section */

/* Begin PBXGroup section */
		BAC23EE318C8310F00CA9807 /* BuildSettings */ = {
			isa = PBXGroup;
			children = (
				BAC23EE418C8310F00CA9807 /* BuildSettings-Debug-iOS.xcconfig */,
				BAC23EE518C8310F00CA9807 /* BuildSettings-Debug-Mac.xcconfig */,
				BAC23EE618C8310F00CA9807 /* BuildSettings-iOS.xcconfig */,
				BAC23EE718C8310F00CA9807 /* BuildSettings-Mac.xcconfig */,
				BAC23EE818C8310F00CA9807 /* BuildSettings-Release-iOS.xcconfig */,
				BAC23EE918C8310F00CA9807 /* BuildSettings-Release-Mac.xcconfig */,
			);
			path = BuildSettings;
			sourceTree = "<group>";
		};
		BAC23EEB18C8310F00CA9807 /* Projectfiles */ = {
			isa = PBXGroup;
			children = (
				BAC23EEC18C8310F00CA9807 /* AppDelegate.h */,
				BAC23EED18C8310F00CA9807 /* AppDelegate.m */,
				BAC23EEE18C8310F00CA9807 /* GameLayer.h */,
				BAC23EEF18C8310F00CA9807 /* GameLayer.m */,
				BAC23EF018C8310F00CA9807 /* main.m */,
				BAC23EF118C8310F00CA9807 /* Prefix-iOS.pch */,
				BAC23EF218C8310F00CA9807 /* Prefix-Mac.pch */,
				BAC23EF318C8310F00CA9807 /* Resources */,
			);
			path = Projectfiles;
			sourceTree = "<group>";
		};
		BAC23EF318C8310F00CA9807 /* Resources */ = {
			isa = PBXGroup;
			children = (
				BAC23EEA18C8310F00CA9807 /* explo2.wav */,
				BAC23F0E18C8310F00CA9807 /* waitingpenguin-hd.png */,
				BAC23F0F18C8310F00CA9807 /* waitingpenguin.png */,
				BAC23EF418C8310F00CA9807 /* config.lua */,
			);
			path = Resources;
			sourceTree = "<group>";
		};
		BAC23EF518C8310F00CA9807 /* Projectfiles-iOS */ = {
			isa = PBXGroup;
			children = (
				BAC23EF618C8310F00CA9807 /* Resources */,
			);
			path = "Projectfiles-iOS";
			sourceTree = "<group>";
		};
		BAC23EF618C8310F00CA9807 /* Resources */ = {
			isa = PBXGroup;
			children = (
				BAC23EF718C8310F00CA9807 /* Default-568h@2x.png */,
				BAC23EF818C8310F00CA9807 /* Default.png */,
				BAC23EF918C8310F00CA9807 /* fps_images-hd.png */,
				BAC23EFA18C8310F00CA9807 /* fps_images-ipadhd.png */,
				BAC23EFB18C8310F00CA9807 /* fps_images.png */,
				BAC23EFC18C8310F00CA9807 /* Icon-72.png */,
				BAC23EFD18C8310F00CA9807 /* Icon-Small-50.png */,
				BAC23EFE18C8310F00CA9807 /* Icon-Small.png */,
				BAC23EFF18C8310F00CA9807 /* Icon-Small@2x.png */,
				BAC23F0018C8310F00CA9807 /* Icon.png */,
				BAC23F0118C8310F00CA9807 /* Icon@2x.png */,
				BAC23F0218C8310F00CA9807 /* Info.plist */,
				BAC23F0318C8310F00CA9807 /* iTunesArtwork */,
			);
			path = Resources;
			sourceTree = "<group>";
		};
		BAC23F0418C8310F00CA9807 /* Projectfiles-Mac */ = {
			isa = PBXGroup;
			children = (
				BAC23F0518C8310F00CA9807 /* Resources */,
			);
			path = "Projectfiles-Mac";
			sourceTree = "<group>";
		};
		BAC23F0518C8310F00CA9807 /* Resources */ = {
			isa = PBXGroup;
			children = (
				BAC23F0618C8310F00CA9807 /* InfoPlist.strings */,
				BAC23F0818C8310F00CA9807 /* MainMenu.xib */,
				BAC23F0A18C8310F00CA9807 /* fps_images.png */,
				BAC23F0B18C8310F00CA9807 /* icon.icns */,
				BAC23F0C18C8310F00CA9807 /* Info.plist */,
			);
			path = Resources;
			sourceTree = "<group>";
		};
		DCC1A0D613A94EC0005BD75D = {
			isa = PBXGroup;
			children = (
				BAC23EEB18C8310F00CA9807 /* Projectfiles */,
				BAC23EF518C8310F00CA9807 /* Projectfiles-iOS */,
				BAC23F0418C8310F00CA9807 /* Projectfiles-Mac */,
				BAC23F0D18C8310F00CA9807 /* README.md */,
				BAC23EE318C8310F00CA9807 /* BuildSettings */,
			);
			sourceTree = "<group>";
		};
/* End PBXGroup section */

/* Begin PBXNativeTarget section */
		DCC1A0E213A94ED5005BD75D /* What-iOS */ = {
			isa = PBXNativeTarget;
			buildConfigurationList = DCC1A25313A94ED7005BD75D /* Build configuration list for PBXNativeTarget "What-iOS" */;
			buildPhases = (
				DCC1A0DF13A94ED5005BD75D /* Sources */,
				DCC1A0E013A94ED5005BD75D /* Frameworks */,
				DCC1A0E113A94ED5005BD75D /* Resources */,
			);
			buildRules = (
			);
			dependencies = (
			);
			name = "What-iOS";
			productName = "Hello-World-iOS";
			productReference = BAC23F3018C8314100CA9807 /* .app */;
			productType = "com.apple.product-type.application";
		};
		DCC1A25913A94EE6005BD75D /* What-Mac */ = {
			isa = PBXNativeTarget;
			buildConfigurationList = DCC1A38913A94EE7005BD75D /* Build configuration list for PBXNativeTarget "What-Mac" */;
			buildPhases = (
				DCC1A25613A94EE6005BD75D /* Sources */,
				DCC1A25713A94EE6005BD75D /* Frameworks */,
				DCC1A25813A94EE6005BD75D /* Resources */,
			);
			buildRules = (
			);
			dependencies = (
			);
			name = "What-Mac";
			productName = "Hello-World-Mac";
			productReference = BAC23F3118C8314100CA9807 /* .app */;
			productType = "com.apple.product-type.application";
		};
/* End PBXNativeTarget section */

/* Begin PBXProject section */
		DCC1A0D813A94EC0005BD75D /* Project object */ = {
			isa = PBXProject;
			attributes = {
				LastUpgradeCheck = 0430;
			};
			buildConfigurationList = DCC1A0DB13A94EC0005BD75D /* Build configuration list for PBXProject "What" */;
			compatibilityVersion = "Xcode 3.2";
			developmentRegion = English;
			hasScannedForEncodings = 0;
			knownRegions = (
				en,
				English,
			);
			mainGroup = DCC1A0D613A94EC0005BD75D;
			productRefGroup = DCC1A0D613A94EC0005BD75D;
			projectDirPath = "";
			projectRoot = "";
			targets = (
				DCC1A0E213A94ED5005BD75D /* What-iOS */,
				DCC1A25913A94EE6005BD75D /* What-Mac */,
			);
		};
/* End PBXProject section */

/* Begin PBXResourcesBuildPhase section */
		DCC1A0E113A94ED5005BD75D /* Resources */ = {
			isa = PBXResourcesBuildPhase;
			buildActionMask = 2147483647;
			files = (
				BAC23F2418C8310F00CA9807 /* Icon.png in Resources */,
				BAC23F2218C8310F00CA9807 /* Icon-Small.png in Resources */,
				BAC23F1A18C8310F00CA9807 /* config.lua in Resources */,
				BAC23F1F18C8310F00CA9807 /* fps_images.png in Resources */,
				BAC23F1E18C8310F00CA9807 /* fps_images-ipadhd.png in Resources */,
				BAC23F2B18C8310F00CA9807 /* icon.icns in Resources */,
				BAC23F2318C8310F00CA9807 /* Icon-Small@2x.png in Resources */,
				BAC23F1318C8310F00CA9807 /* BuildSettings-Mac.xcconfig in Resources */,
				BAC23F1B18C8310F00CA9807 /* Default-568h@2x.png in Resources */,
				BAC23F2618C8310F00CA9807 /* Info.plist in Resources */,
				BAC23F2E18C8310F00CA9807 /* waitingpenguin-hd.png in Resources */,
				BAC23F2818C8310F00CA9807 /* InfoPlist.strings in Resources */,
				BAC23F2018C8310F00CA9807 /* Icon-72.png in Resources */,
				BAC23F2C18C8310F00CA9807 /* Info.plist in Resources */,
				BAC23F2918C8310F00CA9807 /* MainMenu.xib in Resources */,
				BAC23F1D18C8310F00CA9807 /* fps_images-hd.png in Resources */,
				BAC23F2D18C8310F00CA9807 /* README.md in Resources */,
				BAC23F2F18C8310F00CA9807 /* waitingpenguin.png in Resources */,
				BAC23F1218C8310F00CA9807 /* BuildSettings-iOS.xcconfig in Resources */,
				BAC23F1518C8310F00CA9807 /* BuildSettings-Release-Mac.xcconfig in Resources */,
				BAC23F1118C8310F00CA9807 /* BuildSettings-Debug-Mac.xcconfig in Resources */,
				BAC23F1018C8310F00CA9807 /* BuildSettings-Debug-iOS.xcconfig in Resources */,
				BAC23F1618C8310F00CA9807 /* explo2.wav in Resources */,
				BAC23F2718C8310F00CA9807 /* iTunesArtwork in Resources */,
				BAC23F2518C8310F00CA9807 /* Icon@2x.png in Resources */,
				BAC23F2118C8310F00CA9807 /* Icon-Small-50.png in Resources */,
				BAC23F1418C8310F00CA9807 /* BuildSettings-Release-iOS.xcconfig in Resources */,
				BAC23F1C18C8310F00CA9807 /* Default.png in Resources */,
				BAC23F2A18C8310F00CA9807 /* fps_images.png in Resources */,
			);
			runOnlyForDeploymentPostprocessing = 0;
		};
		DCC1A25813A94EE6005BD75D /* Resources */ = {
			isa = PBXResourcesBuildPhase;
			buildActionMask = 2147483647;
			files = (
			);
			runOnlyForDeploymentPostprocessing = 0;
		};
/* End PBXResourcesBuildPhase section */

/* Begin PBXSourcesBuildPhase section */
		DCC1A0DF13A94ED5005BD75D /* Sources */ = {
			isa = PBXSourcesBuildPhase;
			buildActionMask = 2147483647;
			files = (
				BAC23F1718C8310F00CA9807 /* AppDelegate.m in Sources */,
				BAC23F1918C8310F00CA9807 /* main.m in Sources */,
				BAC23F1818C8310F00CA9807 /* GameLayer.m in Sources */,
			);
			runOnlyForDeploymentPostprocessing = 0;
		};
		DCC1A25613A94EE6005BD75D /* Sources */ = {
			isa = PBXSourcesBuildPhase;
			buildActionMask = 2147483647;
			files = (
			);
			runOnlyForDeploymentPostprocessing = 0;
		};
/* End PBXSourcesBuildPhase section */

/* Begin PBXVariantGroup section */
		BAC23F0618C8310F00CA9807 /* InfoPlist.strings */ = {
			isa = PBXVariantGroup;
			children = (
				BAC23F0718C8310F00CA9807 /* English */,
			);
			name = InfoPlist.strings;
			sourceTree = "<group>";
		};
		BAC23F0818C8310F00CA9807 /* MainMenu.xib */ = {
			isa = PBXVariantGroup;
			children = (
				BAC23F0918C8310F00CA9807 /* English */,
			);
			name = MainMenu.xib;
			sourceTree = "<group>";
		};
/* End PBXVariantGroup section */

/* Begin XCBuildConfiguration section */
		DCC1A0DD13A94EC0005BD75D /* Debug */ = {
			isa = XCBuildConfiguration;
			buildSettings = {
			};
			name = Debug;
		};
		DCC1A0DE13A94EC0005BD75D /* Release */ = {
			isa = XCBuildConfiguration;
			buildSettings = {
			};
			name = Release;
		};
		DCC1A25413A94ED7005BD75D /* Debug */ = {
			isa = XCBuildConfiguration;
			buildSettings = {
			};
			name = Debug;
		};
		DCC1A25513A94ED7005BD75D /* Release */ = {
			isa = XCBuildConfiguration;
			buildSettings = {
			};
			name = Release;
		};
		DCC1A38A13A94EE7005BD75D /* Debug */ = {
			isa = XCBuildConfiguration;
			buildSettings = {
			};
			name = Debug;
		};
		DCC1A38B13A94EE7005BD75D /* Release */ = {
			isa = XCBuildConfiguration;
			buildSettings = {
			};
			name = Release;
		};
/* End XCBuildConfiguration section */

/* Begin XCConfigurationList section */
		DCC1A0DB13A94EC0005BD75D /* Build configuration list for PBXProject "What" */ = {
			isa = XCConfigurationList;
			buildConfigurations = (
				DCC1A0DD13A94EC0005BD75D /* Debug */,
				DCC1A0DE13A94EC0005BD75D /* Release */,
			);
			defaultConfigurationIsVisible = 0;
			defaultConfigurationName = Release;
		};
		DCC1A25313A94ED7005BD75D /* Build configuration list for PBXNativeTarget "What-iOS" */ = {
			isa = XCConfigurationList;
			buildConfigurations = (
				DCC1A25413A94ED7005BD75D /* Debug */,
				DCC1A25513A94ED7005BD75D /* Release */,
			);
			defaultConfigurationIsVisible = 0;
			defaultConfigurationName = Release;
		};
		DCC1A38913A94EE7005BD75D /* Build configuration list for PBXNativeTarget "What-Mac" */ = {
			isa = XCConfigurationList;
			buildConfigurations = (
				DCC1A38A13A94EE7005BD75D /* Debug */,
				DCC1A38B13A94EE7005BD75D /* Release */,
			);
			defaultConfigurationIsVisible = 0;
			defaultConfigurationName = Release;
		};
/* End XCConfigurationList section */
	};
	rootObject = DCC1A0D813A94EC0005BD75D /* Project object */;
}
